
Microsoft Visual Studio Solution File, Format Version 12.00
# Visual Studio Version 16
VisualStudioVersion = 16.0.30711.63
MinimumVisualStudioVersion = 10.0.40219.1
Project("{9A19103F-16F7-4668-BE54-9A1E7A4F7556}") = "DeviceMicroservice", "iots-app\DeviceMicroservice.csproj", "{31B5F641-B491-4033-AE97-B6E9FE7D3AA9}"
EndProject
Project("{9A19103F-16F7-4668-BE54-9A1E7A4F7556}") = "DataMicroservice", "DataMicroservice\DataMicroservice.csproj", "{4A632DB9-D759-4496-8C01-1E54F9DE15F8}"
EndProject
Project("{9A19103F-16F7-4668-BE54-9A1E7A4F7556}") = "SensorMicroservice", "SensorMicroservice\SensorMicroservice.csproj", "{E36B1B81-1202-4573-9783-FB76697EE4DE}"
EndProject
Project("{9A19103F-16F7-4668-BE54-9A1E7A4F7556}") = "DeviceShared", "DeviceShared\DeviceShared.csproj", "{E50EE614-D148-4DDC-AA56-019A520991D7}"
EndProject
Project("{E53339B2-1760-4266-BCC7-CA923CBCF16C}") = "docker-compose", "docker-compose.dcproj", "{2C82EA31-428B-4604-AAF3-3BD9E648F27F}"
EndProject
Project("{9A19103F-16F7-4668-BE54-9A1E7A4F7556}") = "CommandMicroservice", "..\CommandMicroservice\CommandMicroservice.csproj", "{D4283044-47A2-4C1A-B595-D8FF1FBFD0CC}"
EndProject
Project("{FAE04EC0-301F-11D3-BF4B-00C04F79EFBC}") = "APIGateway", "..\APIGateway\APIGateway.csproj", "{1AC436F7-7AB3-4D3C-B823-181E0690437C}"
EndProject
Global
	GlobalSection(SolutionConfigurationPlatforms) = preSolution
		Debug|Any CPU = Debug|Any CPU
		Release|Any CPU = Release|Any CPU
	EndGlobalSection
	GlobalSection(ProjectConfigurationPlatforms) = postSolution
		{31B5F641-B491-4033-AE97-B6E9FE7D3AA9}.Debug|Any CPU.ActiveCfg = Debug|Any CPU
		{31B5F641-B491-4033-AE97-B6E9FE7D3AA9}.Debug|Any CPU.Build.0 = Debug|Any CPU
		{31B5F641-B491-4033-AE97-B6E9FE7D3AA9}.Release|Any CPU.ActiveCfg = Release|Any CPU
		{31B5F641-B491-4033-AE97-B6E9FE7D3AA9}.Release|Any CPU.Build.0 = Release|Any CPU
		{4A632DB9-D759-4496-8C01-1E54F9DE15F8}.Debug|Any CPU.ActiveCfg = Debug|Any CPU
		{4A632DB9-D759-4496-8C01-1E54F9DE15F8}.Debug|Any CPU.Build.0 = Debug|Any CPU
		{4A632DB9-D759-4496-8C01-1E54F9DE15F8}.Release|Any CPU.ActiveCfg = Release|Any CPU
		{4A632DB9-D759-4496-8C01-1E54F9DE15F8}.Release|Any CPU.Build.0 = Release|Any CPU
		{E36B1B81-1202-4573-9783-FB76697EE4DE}.Debug|Any CPU.ActiveCfg = Debug|Any CPU
		{E36B1B81-1202-4573-9783-FB76697EE4DE}.Debug|Any CPU.Build.0 = Debug|Any CPU
		{E36B1B81-1202-4573-9783-FB76697EE4DE}.Release|Any CPU.ActiveCfg = Release|Any CPU
		{E36B1B81-1202-4573-9783-FB76697EE4DE}.Release|Any CPU.Build.0 = Release|Any CPU
		{E50EE614-D148-4DDC-AA56-019A520991D7}.Debug|Any CPU.ActiveCfg = Debug|Any CPU
		{E50EE614-D148-4DDC-AA56-019A520991D7}.Debug|Any CPU.Build.0 = Debug|Any CPU
		{E50EE614-D148-4DDC-AA56-019A520991D7}.Release|Any CPU.ActiveCfg = Release|Any CPU
		{E50EE614-D148-4DDC-AA56-019A520991D7}.Release|Any CPU.Build.0 = Release|Any CPU
		{2C82EA31-428B-4604-AAF3-3BD9E648F27F}.Debug|Any CPU.ActiveCfg = Debug|Any CPU
		{2C82EA31-428B-4604-AAF3-3BD9E648F27F}.Debug|Any CPU.Build.0 = Debug|Any CPU
		{2C82EA31-428B-4604-AAF3-3BD9E648F27F}.Release|Any CPU.ActiveCfg = Release|Any CPU
		{2C82EA31-428B-4604-AAF3-3BD9E648F27F}.Release|Any CPU.Build.0 = Release|Any CPU
		{D4283044-47A2-4C1A-B595-D8FF1FBFD0CC}.Debug|Any CPU.ActiveCfg = Debug|Any CPU
		{D4283044-47A2-4C1A-B595-D8FF1FBFD0CC}.Debug|Any CPU.Build.0 = Debug|Any CPU
		{D4283044-47A2-4C1A-B595-D8FF1FBFD0CC}.Release|Any CPU.ActiveCfg = Release|Any CPU
		{D4283044-47A2-4C1A-B595-D8FF1FBFD0CC}.Release|Any CPU.Build.0 = Release|Any CPU
		{1AC436F7-7AB3-4D3C-B823-181E0690437C}.Debug|Any CPU.ActiveCfg = Debug|Any CPU
		{1AC436F7-7AB3-4D3C-B823-181E0690437C}.Debug|Any CPU.Build.0 = Debug|Any CPU
		{1AC436F7-7AB3-4D3C-B823-181E0690437C}.Release|Any CPU.ActiveCfg = Release|Any CPU
		{1AC436F7-7AB3-4D3C-B823-181E0690437C}.Release|Any CPU.Build.0 = Release|Any CPU
	EndGlobalSection
	GlobalSection(SolutionProperties) = preSolution
		HideSolutionNode = FALSE
	EndGlobalSection
	GlobalSection(ExtensibilityGlobals) = postSolution
		SolutionGuid = {F30280A7-4F05-4C12-AEF0-CFAA4ED3BDB5}
	EndGlobalSection
EndGlobal
