
Microsoft Visual Studio Solution File, Format Version 12.00
# Visual Studio Version 16
VisualStudioVersion = 16.0.30711.63
MinimumVisualStudioVersion = 10.0.40219.1
Project("{FAE04EC0-301F-11D3-BF4B-00C04F79EFBC}") = "DeviceMicroservice", "iots-app\DeviceMicroservice.csproj", "{31B5F641-B491-4033-AE97-B6E9FE7D3AA9}"
EndProject
Global
	GlobalSection(SolutionConfigurationPlatforms) = preSolution
		Debug|Any CPU = Debug|Any CPU
		Release|Any CPU = Release|Any CPU
	EndGlobalSection
	GlobalSection(ProjectConfigurationPlatforms) = postSolution
		{31B5F641-B491-4033-AE97-B6E9FE7D3AA9}.Debug|Any CPU.ActiveCfg = Debug|Any CPU
		{31B5F641-B491-4033-AE97-B6E9FE7D3AA9}.Debug|Any CPU.Build.0 = Debug|Any CPU
		{31B5F641-B491-4033-AE97-B6E9FE7D3AA9}.Release|Any CPU.ActiveCfg = Release|Any CPU
		{31B5F641-B491-4033-AE97-B6E9FE7D3AA9}.Release|Any CPU.Build.0 = Release|Any CPU
	EndGlobalSection
	GlobalSection(SolutionProperties) = preSolution
		HideSolutionNode = FALSE
	EndGlobalSection
	GlobalSection(ExtensibilityGlobals) = postSolution
		SolutionGuid = {F30280A7-4F05-4C12-AEF0-CFAA4ED3BDB5}
	EndGlobalSection
EndGlobal
